
Microsoft Visual Studio Solution File, Format Version 12.00
# Visual Studio Version 17
VisualStudioVersion = 17.7.34024.191
MinimumVisualStudioVersion = 10.0.40219.1
Project("{FAE04EC0-301F-11D3-BF4B-00C04F79EFBC}") = "RelacionamentoHeranca", "RelacionamentoHeranca\RelacionamentoHeranca.csproj", "{C0527A12-1815-402F-B3B2-F02852E1356F}"
EndProject
Global
	GlobalSection(SolutionConfigurationPlatforms) = preSolution
		Debug|Any CPU = Debug|Any CPU
		Release|Any CPU = Release|Any CPU
	EndGlobalSection
	GlobalSection(ProjectConfigurationPlatforms) = postSolution
		{C0527A12-1815-402F-B3B2-F02852E1356F}.Debug|Any CPU.ActiveCfg = Debug|Any CPU
		{C0527A12-1815-402F-B3B2-F02852E1356F}.Debug|Any CPU.Build.0 = Debug|Any CPU
		{C0527A12-1815-402F-B3B2-F02852E1356F}.Release|Any CPU.ActiveCfg = Release|Any CPU
		{C0527A12-1815-402F-B3B2-F02852E1356F}.Release|Any CPU.Build.0 = Release|Any CPU
	EndGlobalSection
	GlobalSection(SolutionProperties) = preSolution
		HideSolutionNode = FALSE
	EndGlobalSection
	GlobalSection(ExtensibilityGlobals) = postSolution
		SolutionGuid = {12648065-4ECD-4467-85AC-8AD6C4DE285A}
	EndGlobalSection
EndGlobal
